
Microsoft Visual Studio Solution File, Format Version 12.00
# Visual Studio 15
VisualStudioVersion = 15.0.27703.2035
MinimumVisualStudioVersion = 10.0.40219.1
Project("{2150E333-8FDC-42A3-9474-1A3956D46DE8}") = "test", "test", "{FC9D3497-BB4D-4F9D-B8B7-F644FF647188}"
EndProject
Project("{9A19103F-16F7-4668-BE54-9A1E7A4F7556}") = "Imgur.API.Tests.Integration", "test\Imgur.API.Tests.Integration\Imgur.API.Tests.Integration.csproj", "{F63F60F0-2779-499F-B622-82F436EB2855}"
EndProject
Global
	GlobalSection(SolutionConfigurationPlatforms) = preSolution
		Debug|Any CPU = Debug|Any CPU
		Release|Any CPU = Release|Any CPU
	EndGlobalSection
	GlobalSection(ProjectConfigurationPlatforms) = postSolution
		{F63F60F0-2779-499F-B622-82F436EB2855}.Debug|Any CPU.ActiveCfg = Debug|Any CPU
		{F63F60F0-2779-499F-B622-82F436EB2855}.Debug|Any CPU.Build.0 = Debug|Any CPU
		{F63F60F0-2779-499F-B622-82F436EB2855}.Release|Any CPU.ActiveCfg = Release|Any CPU
		{F63F60F0-2779-499F-B622-82F436EB2855}.Release|Any CPU.Build.0 = Release|Any CPU
	EndGlobalSection
	GlobalSection(SolutionProperties) = preSolution
		HideSolutionNode = FALSE
	EndGlobalSection
	GlobalSection(NestedProjects) = preSolution
		{F63F60F0-2779-499F-B622-82F436EB2855} = {FC9D3497-BB4D-4F9D-B8B7-F644FF647188}
	EndGlobalSection
	GlobalSection(ExtensibilityGlobals) = postSolution
		SolutionGuid = {6CF0EC01-CDAE-41C7-B78D-550C466EB2F4}
	EndGlobalSection
EndGlobal
